{
    "_meta": {
        "hash": {
            "sha256": "49d6374073f1eb7b48abdcf88f9f629a5be4211ff217fb82e57da702b5544f42"
        },
        "pipfile-spec": 6,
        "requires": {
            "python_version": "3.8"
        },
        "sources": [
            {
                "name": "pypi",
                "url": "https://pypi.org/simple",
                "verify_ssl": true
            }
        ]
    },
    "default": {
        "asgiref": {
            "hashes": [
                "sha256:45a429524fba18aba9d512498b19d220c4d628e75b40cf5c627524dbaebc5cc1",
                "sha256:fddeea3c53fa99d0cdb613c3941cc6e52d822491fc2753fba25768fb5bf4e865"
            ],
            "markers": "python_version >= '3.7'",
            "version": "==3.5.1"
        },
        "beautifulsoup4": {
            "hashes": [
                "sha256:58d5c3d29f5a36ffeb94f02f0d786cd53014cf9b3b3951d42e0080d8a9498d30",
                "sha256:ad9aa55b65ef2808eb405f46cf74df7fcb7044d5cbc26487f96eb2ef2e436693"
            ],
            "markers": "python_version >= '3.6'",
            "version": "==4.11.1"
        },
        "certifi": {
            "hashes": [
                "sha256:78884e7c1d4b00ce3cea67b44566851c4343c120abd683433ce934a68ea58872",
                "sha256:d62a0163eb4c2344ac042ab2bdf75399a71a2d8c7d47eac2e2ee91b9d6339569"
            ],
            "version": "==2021.10.8"
        },
        "charset-normalizer": {
            "hashes": [
                "sha256:2857e29ff0d34db842cd7ca3230549d1a697f96ee6d3fb071cfa6c7393832597",
                "sha256:6881edbebdb17b39b4eaaa821b438bf6eddffb4468cf344f09f89def34a8b1df"
            ],
            "markers": "python_version >= '3.0'",
            "version": "==2.0.12"
        },
        "defusedxml": {
            "hashes": [
                "sha256:1bb3032db185915b62d7c6209c5a8792be6a32ab2fedacc84e01b52c51aa3e69",
                "sha256:a352e7e428770286cc899e2542b6cdaedb2b4953ff269a210103ec58f6198a61"
            ],
            "markers": "python_version >= '2.7' and python_version not in '3.0, 3.1, 3.2, 3.3, 3.4'",
            "version": "==0.7.1"
        },
        "django": {
            "hashes": [
                "sha256:9f8be75646f62204320b195062b1d696ba28aa3d45ee72fb7c888ffaebc5bdb2",
                "sha256:a6e0d1ff11095b7394c079ade7094c73b2dc3df4a7a373c9b58ed73b77a97feb"
            ],
            "index": "pypi",
            "version": "==3.1.13"
        },
        "django-allauth": {
            "hashes": [
                "sha256:f17209410b7f87da0a84639fd79d3771b596a6d3fc1a8e48ce50dabc7f441d30"
            ],
            "index": "pypi",
            "version": "==0.42.0"
        },
        "django-appconf": {
            "hashes": [
                "sha256:ae9f864ee1958c815a965ed63b3fba4874eec13de10236ba063a788f9a17389d",
                "sha256:be3db0be6c81fa84742000b89a81c016d70ae66a7ccb620cdef592b1f1a6aaa4"
            ],
            "markers": "python_version >= '3.6'",
            "version": "==1.0.5"
        },
        "django-bootstrap4": {
            "hashes": [
                "sha256:1c0a931b4245a0dcd5051ea1b244ac130a328374ce8e85254c75eb072a737201",
                "sha256:32cc0f914ace4cef935c0d3f786dde2a52f0ea1be72153f6e356c0aa8f3925e1"
            ],
            "index": "pypi",
            "version": "==2.2.0"
        },
        "django-cors-headers": {
            "hashes": [
                "sha256:5240062ef0b16668ce8a5f43324c388d65f5439e1a30e22c38684d5ddaff0d15",
                "sha256:f5218f2f0bb1210563ff87687afbf10786e080d8494a248e705507ebd92d7153"
            ],
            "index": "pypi",
            "version": "==3.4.0"
        },
        "django-fileprovider": {
            "hashes": [
                "sha256:af7e36f38c29c334ac405d53c2f80c5dbdb021dda549c10b80a6e67a99bfb0a3"
            ],
            "index": "pypi",
            "version": "==0.1.4"
        },
        "django-filter": {
            "hashes": [
                "sha256:84e9d5bb93f237e451db814ed422a3a625751cbc9968b484ecc74964a8696b06",
                "sha256:e00d32cebdb3d54273c48f4f878f898dced8d5dfaad009438fe61ebdf535ace1"
            ],
            "index": "pypi",
            "version": "==2.4.0"
        },
        "djangorestframework": {
            "hashes": [
                "sha256:5cc724dc4b076463497837269107e1995b1fbc917468d1b92d188fd1af9ea789",
                "sha256:a5967b68a04e0d97d10f4df228e30f5a2d82ba63b9d03e1759f84993b7bf1b53"
            ],
            "index": "pypi",
            "version": "==3.11.2"
        },
        "idna": {
            "hashes": [
                "sha256:84d9dd047ffa80596e0f246e2eab0b391788b0503584e8945f2368256d2735ff",
                "sha256:9d643ff0a55b762d5cdb124b8eaa99c66322e2157b69160bc32796e824360e6d"
            ],
            "markers": "python_version >= '3.0'",
            "version": "==3.3"
        },
        "markdown": {
            "hashes": [
                "sha256:1fafe3f1ecabfb514a5285fca634a53c1b32a81cb0feb154264d55bf2ff22c17",
                "sha256:c467cd6233885534bf0fe96e62e3cf46cfc1605112356c4f9981512b8174de59"
            ],
            "index": "pypi",
            "version": "==3.2.2"
        },
        "martor": {
            "hashes": [
                "sha256:c54357225d6a3ba27b2c21c5bbe05bcee0863e30b5f04e29edc3976005be2632"
            ],
            "index": "pypi",
            "version": "==1.4.9"
        },
        "oauthlib": {
            "hashes": [
                "sha256:23a8208d75b902797ea29fd31fa80a15ed9dc2c6c16fe73f5d346f83f6fa27a2",
                "sha256:6db33440354787f9b7f3a6dbd4febf5d0f93758354060e802f6c06cb493022fe"
            ],
            "markers": "python_version >= '3.6'",
            "version": "==3.2.0"
        },
        "pinax-notifications": {
            "hashes": [
                "sha256:27e2cfe99e39f08d67c3a1d7a8e8b7fe09152f7ccd014fcf19c15802b5ff7181",
                "sha256:476b311eedd7ffdaf65e84c4f78c6fb415e6a98c6341e8073a287a4ebe5b4901"
            ],
            "index": "pypi",
            "version": "==5.0.3"
        },
        "pygments": {
            "hashes": [
                "sha256:bc9591213a8f0e0ca1a5e68a479b4887fdc3e75d0774e5c71c31920c427de435",
                "sha256:df49d09b498e83c1a73128295860250b0b7edd4c723a32e9bc0d295c7c2ec337"
            ],
            "index": "pypi",
            "version": "==2.7.4"
        },
        "python3-openid": {
            "hashes": [
                "sha256:33fbf6928f401e0b790151ed2b5290b02545e8775f982485205a066f874aaeaf",
                "sha256:6626f771e0417486701e0b4daff762e7212e820ca5b29fcc0d05f6f8736dfa6b"
            ],
            "version": "==3.2.0"
        },
        "pytz": {
            "hashes": [
                "sha256:1e760e2fe6a8163bc0b3d9a19c4f84342afa0a2affebfaa84b01b978a02ecaa7",
                "sha256:e68985985296d9a66a881eb3193b0906246245294a881e7c8afe623866ac6a5c"
            ],
            "version": "==2022.1"
        },
        "requests": {
            "hashes": [
                "sha256:68d7c56fd5a8999887728ef304a6d12edc7be74f1cfa47714fc8b414525c9a61",
                "sha256:f22fa1e554c9ddfd16e6e41ac79759e17be9e492b3587efa038054674760e72d"
            ],
            "markers": "python_version >= '2.7' and python_version not in '3.0, 3.1, 3.2, 3.3, 3.4, 3.5'",
            "version": "==2.27.1"
        },
        "requests-oauthlib": {
            "hashes": [
                "sha256:2577c501a2fb8d05a304c09d090d6e47c306fef15809d102b327cf8364bddab5",
                "sha256:75beac4a47881eeb94d5ea5d6ad31ef88856affe2332b9aafb52c6452ccf0d7a"
            ],
            "markers": "python_version >= '2.7' and python_version not in '3.0, 3.1, 3.2, 3.3'",
            "version": "==1.3.1"
        },
        "sentry-sdk": {
            "hashes": [
                "sha256:da06bc3641e81ec2c942f87a0676cd9180044fa3d1697524a0005345997542e2",
                "sha256:e80d61af85d99a1222c1a3e2a24023618374cd50a99673aa7fa3cf920e7d813b"
            ],
            "index": "pypi",
            "version": "==0.16.0"
        },
        "six": {
            "hashes": [
                "sha256:1e61c37477a1626458e36f7b1d82aa5c9b094fa4802892072e49de9c60c4c926",
                "sha256:8abb2f1d86890a2dfb989f9a77cfcfd3e47c2a354b01111771326f8aa26e0254"
            ],
            "markers": "python_version >= '2.7' and python_version not in '3.0, 3.1, 3.2, 3.3'",
            "version": "==1.16.0"
        },
        "soupsieve": {
            "hashes": [
                "sha256:3b2503d3c7084a42b1ebd08116e5f81aadfaea95863628c80a3b774a11b7c759",
                "sha256:fc53893b3da2c33de295667a0e19f078c14bf86544af307354de5fcf12a3f30d"
            ],
            "markers": "python_version >= '3.6'",
            "version": "==2.3.2.post1"
        },
        "sqlparse": {
            "hashes": [
                "sha256:0c00730c74263a94e5a9919ade150dfc3b19c574389985446148402998287dae",
                "sha256:48719e356bb8b42991bdbb1e8b83223757b93789c00910a616a071910ca4a64d"
            ],
            "markers": "python_version >= '3.5'",
            "version": "==0.4.2"
        },
        "urllib3": {
            "hashes": [
                "sha256:44ece4d53fb1706f667c9bd1c648f5469a2ec925fcf3a776667042d645472c14",
                "sha256:aabaf16477806a5e1dd19aa41f8c2b7950dd3c746362d7e3223dbe6de6ac448e"
            ],
            "markers": "python_version >= '2.7' and python_version not in '3.0, 3.1, 3.2, 3.3, 3.4' and python_version < '4.0'",
            "version": "==1.26.9"
        }
    },
    "develop": {
        "asgiref": {
            "hashes": [
                "sha256:45a429524fba18aba9d512498b19d220c4d628e75b40cf5c627524dbaebc5cc1",
                "sha256:fddeea3c53fa99d0cdb613c3941cc6e52d822491fc2753fba25768fb5bf4e865"
            ],
            "markers": "python_version >= '3.7'",
            "version": "==3.5.1"
        },
        "backports.zoneinfo": {
            "hashes": [
                "sha256:17746bd546106fa389c51dbea67c8b7c8f0d14b5526a579ca6ccf5ed72c526cf",
                "sha256:1b13e654a55cd45672cb54ed12148cd33628f672548f373963b0bff67b217328",
                "sha256:1c5742112073a563c81f786e77514969acb58649bcdf6cdf0b4ed31a348d4546",
                "sha256:4a0f800587060bf8880f954dbef70de6c11bbe59c673c3d818921f042f9954a6",
                "sha256:5c144945a7752ca544b4b78c8c41544cdfaf9786f25fe5ffb10e838e19a27570",
                "sha256:7b0a64cda4145548fed9efc10322770f929b944ce5cee6c0dfe0c87bf4c0c8c9",
                "sha256:8439c030a11780786a2002261569bdf362264f605dfa4d65090b64b05c9f79a7",
                "sha256:8961c0f32cd0336fb8e8ead11a1f8cd99ec07145ec2931122faaac1c8f7fd987",
                "sha256:89a48c0d158a3cc3f654da4c2de1ceba85263fafb861b98b59040a5086259722",
                "sha256:a76b38c52400b762e48131494ba26be363491ac4f9a04c1b7e92483d169f6582",
                "sha256:da6013fd84a690242c310d77ddb8441a559e9cb3d3d59ebac9aca1a57b2e18bc",
                "sha256:e55b384612d93be96506932a786bbcde5a2db7a9e6a4bb4bffe8b733f5b9036b",
                "sha256:e81b76cace8eda1fca50e345242ba977f9be6ae3945af8d46326d776b4cf78d1",
                "sha256:e8236383a20872c0cdf5a62b554b27538db7fa1bbec52429d8d106effbaeca08",
                "sha256:f04e857b59d9d1ccc39ce2da1021d196e47234873820cbeaad210724b1ee28ac",
                "sha256:fadbfe37f74051d024037f223b8e001611eac868b5c5b06144ef4d8b799862f2"
            ],
            "markers": "python_version < '3.9'",
            "version": "==0.2.1"
        },
        "django": {
            "hashes": [
                "sha256:9f8be75646f62204320b195062b1d696ba28aa3d45ee72fb7c888ffaebc5bdb2",
                "sha256:a6e0d1ff11095b7394c079ade7094c73b2dc3df4a7a373c9b58ed73b77a97feb"
            ],
            "index": "pypi",
            "version": "==3.1.13"
        },
        "django-debug-toolbar": {
            "hashes": [
                "sha256:7aadab5240796ffe8e93cc7dfbe2f87a204054746ff7ff93cd6d4a0c3747c853",
                "sha256:7feaee934608f5cdd95432154be832fe30fda6c1249018191e2c27bc0b6a965e"
            ],
            "index": "pypi",
            "version": "==2.2.1"
        },
        "sqlparse": {
            "hashes": [
                "sha256:0c00730c74263a94e5a9919ade150dfc3b19c574389985446148402998287dae",
                "sha256:48719e356bb8b42991bdbb1e8b83223757b93789c00910a616a071910ca4a64d"
            ],
            "markers": "python_version >= '3.5'",
            "version": "==0.4.2"
        }
    }
}
